// !$*UTF8*$!
{
	archiveVersion = 1;
	classes = {
	};
	objectVersion = 50;
	objects = {

/* Begin PBXBuildFile section */
		76352074227A72620000BC80 /* AppDelegate.swift in Sources */ = {isa = PBXBuildFile; fileRef = 76352073227A72620000BC80 /* AppDelegate.swift */; };
		76352076227A72620000BC80 /* ViewController.swift in Sources */ = {isa = PBXBuildFile; fileRef = 76352075227A72620000BC80 /* ViewController.swift */; };
		76352079227A72620000BC80 /* Main.storyboard in Resources */ = {isa = PBXBuildFile; fileRef = 76352077227A72620000BC80 /* Main.storyboard */; };
		7635207B227A72630000BC80 /* Assets.xcassets in Resources */ = {isa = PBXBuildFile; fileRef = 7635207A227A72630000BC80 /* Assets.xcassets */; };
		7635207E227A72630000BC80 /* LaunchScreen.storyboard in Resources */ = {isa = PBXBuildFile; fileRef = 7635207C227A72630000BC80 /* LaunchScreen.storyboard */; };
		76352089227A72630000BC80 /* SplitViewDemoTests.swift in Sources */ = {isa = PBXBuildFile; fileRef = 76352088227A72630000BC80 /* SplitViewDemoTests.swift */; };
/* End PBXBuildFile section */

/* Begin PBXContainerItemProxy section */
		76352085227A72630000BC80 /* PBXContainerItemProxy */ = {
			isa = PBXContainerItemProxy;
			containerPortal = 76352068227A72620000BC80 /* Project object */;
			proxyType = 1;
			remoteGlobalIDString = 7635206F227A72620000BC80;
			remoteInfo = SplitViewDemo;
		};
/* End PBXContainerItemProxy section */

/* Begin PBXFileReference section */
		76352070227A72620000BC80 /* SplitViewDemo.app */ = {isa = PBXFileReference; explicitFileType = wrapper.application; includeInIndex = 0; path = SplitViewDemo.app; sourceTree = BUILT_PRODUCTS_DIR; };
		76352073227A72620000BC80 /* AppDelegate.swift */ = {isa = PBXFileReference; lastKnownFileType = sourcecode.swift; path = AppDelegate.swift; sourceTree = "<group>"; };
		76352075227A72620000BC80 /* ViewController.swift */ = {isa = PBXFileReference; lastKnownFileType = sourcecode.swift; path = ViewController.swift; sourceTree = "<group>"; };
		76352078227A72620000BC80 /* Base */ = {isa = PBXFileReference; lastKnownFileType = file.storyboard; name = Base; path = Base.lproj/Main.storyboard; sourceTree = "<group>"; };
		7635207A227A72630000BC80 /* Assets.xcassets */ = {isa = PBXFileReference; lastKnownFileType = folder.assetcatalog; path = Assets.xcassets; sourceTree = "<group>"; };
		7635207D227A72630000BC80 /* Base */ = {isa = PBXFileReference; lastKnownFileType = file.storyboard; name = Base; path = Base.lproj/LaunchScreen.storyboard; sourceTree = "<group>"; };
		7635207F227A72630000BC80 /* Info.plist */ = {isa = PBXFileReference; lastKnownFileType = text.plist.xml; path = Info.plist; sourceTree = "<group>"; };
		76352084227A72630000BC80 /* SplitViewDemoTests.xctest */ = {isa = PBXFileReference; explicitFileType = wrapper.cfbundle; includeInIndex = 0; path = SplitViewDemoTests.xctest; sourceTree = BUILT_PRODUCTS_DIR; };
		76352088227A72630000BC80 /* SplitViewDemoTests.swift */ = {isa = PBXFileReference; lastKnownFileType = sourcecode.swift; path = SplitViewDemoTests.swift; sourceTree = "<group>"; };
		7635208A227A72630000BC80 /* Info.plist */ = {isa = PBXFileReference; lastKnownFileType = text.plist.xml; path = Info.plist; sourceTree = "<group>"; };
/* End PBXFileReference section */

/* Begin PBXFrameworksBuildPhase section */
		7635206D227A72620000BC80 /* Frameworks */ = {
			isa = PBXFrameworksBuildPhase;
			buildActionMask = 2147483647;
			files = (
			);
			runOnlyForDeploymentPostprocessing = 0;
		};
		76352081227A72630000BC80 /* Frameworks */ = {
			isa = PBXFrameworksBuildPhase;
			buildActionMask = 2147483647;
			files = (
			);
			runOnlyForDeploymentPostprocessing = 0;
		};
/* End PBXFrameworksBuildPhase section */

/* Begin PBXGroup section */
		76352067227A72620000BC80 = {
			isa = PBXGroup;
			children = (
				76352072227A72620000BC80 /* SplitViewDemo */,
				76352087227A72630000BC80 /* SplitViewDemoTests */,
				76352071227A72620000BC80 /* Products */,
			);
			sourceTree = "<group>";
		};
		76352071227A72620000BC80 /* Products */ = {
			isa = PBXGroup;
			children = (
				76352070227A72620000BC80 /* SplitViewDemo.app */,
				76352084227A72630000BC80 /* SplitViewDemoTests.xctest */,
			);
			name = Products;
			sourceTree = "<group>";
		};
		76352072227A72620000BC80 /* SplitViewDemo */ = {
			isa = PBXGroup;
			children = (
				76352073227A72620000BC80 /* AppDelegate.swift */,
				76352075227A72620000BC80 /* ViewController.swift */,
				76352077227A72620000BC80 /* Main.storyboard */,
				7635207A227A72630000BC80 /* Assets.xcassets */,
				7635207C227A72630000BC80 /* LaunchScreen.storyboard */,
				7635207F227A72630000BC80 /* Info.plist */,
			);
			path = SplitViewDemo;
			sourceTree = "<group>";
		};
		76352087227A72630000BC80 /* SplitViewDemoTests */ = {
			isa = PBXGroup;
			children = (
				76352088227A72630000BC80 /* SplitViewDemoTests.swift */,
				7635208A227A72630000BC80 /* Info.plist */,
			);
			path = SplitViewDemoTests;
			sourceTree = "<group>";
		};
/* End PBXGroup section */

/* Begin PBXNativeTarget section */
		7635206F227A72620000BC80 /* SplitViewDemo */ = {
			isa = PBXNativeTarget;
			buildConfigurationList = 7635208D227A72630000BC80 /* Build configuration list for PBXNativeTarget "SplitViewDemo" */;
			buildPhases = (
				7635206C227A72620000BC80 /* Sources */,
				7635206D227A72620000BC80 /* Frameworks */,
				7635206E227A72620000BC80 /* Resources */,
			);
			buildRules = (
			);
			dependencies = (
			);
			name = SplitViewDemo;
			productName = SplitViewDemo;
			productReference = 76352070227A72620000BC80 /* SplitViewDemo.app */;
			productType = "com.apple.product-type.application";
		};
		76352083227A72630000BC80 /* SplitViewDemoTests */ = {
			isa = PBXNativeTarget;
			buildConfigurationList = 76352090227A72630000BC80 /* Build configuration list for PBXNativeTarget "SplitViewDemoTests" */;
			buildPhases = (
				76352080227A72630000BC80 /* Sources */,
				76352081227A72630000BC80 /* Frameworks */,
				76352082227A72630000BC80 /* Resources */,
			);
			buildRules = (
			);
			dependencies = (
				76352086227A72630000BC80 /* PBXTargetDependency */,
			);
			name = SplitViewDemoTests;
			productName = SplitViewDemoTests;
			productReference = 76352084227A72630000BC80 /* SplitViewDemoTests.xctest */;
			productType = "com.apple.product-type.bundle.unit-test";
		};
/* End PBXNativeTarget section */

/* Begin PBXProject section */
		76352068227A72620000BC80 /* Project object */ = {
			isa = PBXProject;
			attributes = {
				LastSwiftUpdateCheck = 1020;
				LastUpgradeCheck = 1020;
				ORGANIZATIONNAME = "Chelsea Troy";
				TargetAttributes = {
					7635206F227A72620000BC80 = {
						CreatedOnToolsVersion = 10.2;
					};
					76352083227A72630000BC80 = {
						CreatedOnToolsVersion = 10.2;
						TestTargetID = 7635206F227A72620000BC80;
					};
				};
			};
			buildConfigurationList = 7635206B227A72620000BC80 /* Build configuration list for PBXProject "SplitViewDemo" */;
			compatibilityVersion = "Xcode 9.3";
			developmentRegion = en;
			hasScannedForEncodings = 0;
			knownRegions = (
				en,
				Base,
			);
			mainGroup = 76352067227A72620000BC80;
			productRefGroup = 76352071227A72620000BC80 /* Products */;
			projectDirPath = "";
			projectRoot = "";
			targets = (
				7635206F227A72620000BC80 /* SplitViewDemo */,
				76352083227A72630000BC80 /* SplitViewDemoTests */,
			);
		};
/* End PBXProject section */

/* Begin PBXResourcesBuildPhase section */
		7635206E227A72620000BC80 /* Resources */ = {
			isa = PBXResourcesBuildPhase;
			buildActionMask = 2147483647;
			files = (
				7635207E227A72630000BC80 /* LaunchScreen.storyboard in Resources */,
				7635207B227A72630000BC80 /* Assets.xcassets in Resources */,
				76352079227A72620000BC80 /* Main.storyboard in Resources */,
			);
			runOnlyForDeploymentPostprocessing = 0;
		};
		76352082227A72630000BC80 /* Resources */ = {
			isa = PBXResourcesBuildPhase;
			buildActionMask = 2147483647;
			files = (
			);
			runOnlyForDeploymentPostprocessing = 0;
		};
/* End PBXResourcesBuildPhase section */

/* Begin PBXSourcesBuildPhase section */
		7635206C227A72620000BC80 /* Sources */ = {
			isa = PBXSourcesBuildPhase;
			buildActionMask = 2147483647;
			files = (
				76352076227A72620000BC80 /* ViewController.swift in Sources */,
				76352074227A72620000BC80 /* AppDelegate.swift in Sources */,
			);
			runOnlyForDeploymentPostprocessing = 0;
		};
		76352080227A72630000BC80 /* Sources */ = {
			isa = PBXSourcesBuildPhase;
			buildActionMask = 2147483647;
			files = (
				76352089227A72630000BC80 /* SplitViewDemoTests.swift in Sources */,
			);
			runOnlyForDeploymentPostprocessing = 0;
		};
/* End PBXSourcesBuildPhase section */

/* Begin PBXTargetDependency section */
		76352086227A72630000BC80 /* PBXTargetDependency */ = {
			isa = PBXTargetDependency;
			target = 7635206F227A72620000BC80 /* SplitViewDemo */;
			targetProxy = 76352085227A72630000BC80 /* PBXContainerItemProxy */;
		};
/* End PBXTargetDependency section */

/* Begin PBXVariantGroup section */
		76352077227A72620000BC80 /* Main.storyboard */ = {
			isa = PBXVariantGroup;
			children = (
				76352078227A72620000BC80 /* Base */,
			);
			name = Main.storyboard;
			sourceTree = "<group>";
		};
		7635207C227A72630000BC80 /* LaunchScreen.storyboard */ = {
			isa = PBXVariantGroup;
			children = (
				7635207D227A72630000BC80 /* Base */,
			);
			name = LaunchScreen.storyboard;
			sourceTree = "<group>";
		};
/* End PBXVariantGroup section */

/* Begin XCBuildConfiguration section */
		7635208B227A72630000BC80 /* Debug */ = {
			isa = XCBuildConfiguration;
			buildSettings = {
				ALWAYS_SEARCH_USER_PATHS = NO;
				CLANG_ANALYZER_NONNULL = YES;
				CLANG_ANALYZER_NUMBER_OBJECT_CONVERSION = YES_AGGRESSIVE;
				CLANG_CXX_LANGUAGE_STANDARD = "gnu++14";
				CLANG_CXX_LIBRARY = "libc++";
				CLANG_ENABLE_MODULES = YES;
				CLANG_ENABLE_OBJC_ARC = YES;
				CLANG_ENABLE_OBJC_WEAK = YES;
				CLANG_WARN_BLOCK_CAPTURE_AUTORELEASING = YES;
				CLANG_WARN_BOOL_CONVERSION = YES;
				CLANG_WARN_COMMA = YES;
				CLANG_WARN_CONSTANT_CONVERSION = YES;
				CLANG_WARN_DEPRECATED_OBJC_IMPLEMENTATIONS = YES;
				CLANG_WARN_DIRECT_OBJC_ISA_USAGE = YES_ERROR;
				CLANG_WARN_DOCUMENTATION_COMMENTS = YES;
				CLANG_WARN_EMPTY_BODY = YES;
				CLANG_WARN_ENUM_CONVERSION = YES;
				CLANG_WARN_INFINITE_RECURSION = YES;
				CLANG_WARN_INT_CONVERSION = YES;
				CLANG_WARN_NON_LITERAL_NULL_CONVERSION = YES;
				CLANG_WARN_OBJC_IMPLICIT_RETAIN_SELF = YES;
				CLANG_WARN_OBJC_LITERAL_CONVERSION = YES;
				CLANG_WARN_OBJC_ROOT_CLASS = YES_ERROR;
				CLANG_WARN_RANGE_LOOP_ANALYSIS = YES;
				CLANG_WARN_STRICT_PROTOTYPES = YES;
				CLANG_WARN_SUSPICIOUS_MOVE = YES;
				CLANG_WARN_UNGUARDED_AVAILABILITY = YES_AGGRESSIVE;
				CLANG_WARN_UNREACHABLE_CODE = YES;
				CLANG_WARN__DUPLICATE_METHOD_MATCH = YES;
				CODE_SIGN_IDENTITY = "iPhone Developer";
				COPY_PHASE_STRIP = NO;
				DEBUG_INFORMATION_FORMAT = dwarf;
				ENABLE_STRICT_OBJC_MSGSEND = YES;
				ENABLE_TESTABILITY = YES;
				GCC_C_LANGUAGE_STANDARD = gnu11;
				GCC_DYNAMIC_NO_PIC = NO;
				GCC_NO_COMMON_BLOCKS = YES;
				GCC_OPTIMIZATION_LEVEL = 0;
				GCC_PREPROCESSOR_DEFINITIONS = (
					"DEBUG=1",
					"$(inherited)",
				);
				GCC_WARN_64_TO_32_BIT_CONVERSION = YES;
				GCC_WARN_ABOUT_RETURN_TYPE = YES_ERROR;
				GCC_WARN_UNDECLARED_SELECTOR = YES;
				GCC_WARN_UNINITIALIZED_AUTOS = YES_AGGRESSIVE;
				GCC_WARN_UNUSED_FUNCTION = YES;
				GCC_WARN_UNUSED_VARIABLE = YES;
				IPHONEOS_DEPLOYMENT_TARGET = 12.2;
				MTL_ENABLE_DEBUG_INFO = INCLUDE_SOURCE;
				MTL_FAST_MATH = YES;
				ONLY_ACTIVE_ARCH = YES;
				SDKROOT = iphoneos;
				SWIFT_ACTIVE_COMPILATION_CONDITIONS = DEBUG;
				SWIFT_OPTIMIZATION_LEVEL = "-Onone";
			};
			name = Debug;
		};
		7635208C227A72630000BC80 /* Release */ = {
			isa = XCBuildConfiguration;
			buildSettings = {
				ALWAYS_SEARCH_USER_PATHS = NO;
				CLANG_ANALYZER_NONNULL = YES;
				CLANG_ANALYZER_NUMBER_OBJECT_CONVERSION = YES_AGGRESSIVE;
				CLANG_CXX_LANGUAGE_STANDARD = "gnu++14";
				CLANG_CXX_LIBRARY = "libc++";
				CLANG_ENABLE_MODULES = YES;
				CLANG_ENABLE_OBJC_ARC = YES;
				CLANG_ENABLE_OBJC_WEAK = YES;
				CLANG_WARN_BLOCK_CAPTURE_AUTORELEASING = YES;
				CLANG_WARN_BOOL_CONVERSION = YES;
				CLANG_WARN_COMMA = YES;
				CLANG_WARN_CONSTANT_CONVERSION = YES;
				CLANG_WARN_DEPRECATED_OBJC_IMPLEMENTATIONS = YES;
				CLANG_WARN_DIRECT_OBJC_ISA_USAGE = YES_ERROR;
				CLANG_WARN_DOCUMENTATION_COMMENTS = YES;
				CLANG_WARN_EMPTY_BODY = YES;
				CLANG_WARN_ENUM_CONVERSION = YES;
				CLANG_WARN_INFINITE_RECURSION = YES;
				CLANG_WARN_INT_CONVERSION = YES;
				CLANG_WARN_NON_LITERAL_NULL_CONVERSION = YES;
				CLANG_WARN_OBJC_IMPLICIT_RETAIN_SELF = YES;
				CLANG_WARN_OBJC_LITERAL_CONVERSION = YES;
				CLANG_WARN_OBJC_ROOT_CLASS = YES_ERROR;
				CLANG_WARN_RANGE_LOOP_ANALYSIS = YES;
				CLANG_WARN_STRICT_PROTOTYPES = YES;
				CLANG_WARN_SUSPICIOUS_MOVE = YES;
				CLANG_WARN_UNGUARDED_AVAILABILITY = YES_AGGRESSIVE;
				CLANG_WARN_UNREACHABLE_CODE = YES;
				CLANG_WARN__DUPLICATE_METHOD_MATCH = YES;
				CODE_SIGN_IDENTITY = "iPhone Developer";
				COPY_PHASE_STRIP = NO;
				DEBUG_INFORMATION_FORMAT = "dwarf-with-dsym";
				ENABLE_NS_ASSERTIONS = NO;
				ENABLE_STRICT_OBJC_MSGSEND = YES;
				GCC_C_LANGUAGE_STANDARD = gnu11;
				GCC_NO_COMMON_BLOCKS = YES;
				GCC_WARN_64_TO_32_BIT_CONVERSION = YES;
				GCC_WARN_ABOUT_RETURN_TYPE = YES_ERROR;
				GCC_WARN_UNDECLARED_SELECTOR = YES;
				GCC_WARN_UNINITIALIZED_AUTOS = YES_AGGRESSIVE;
				GCC_WARN_UNUSED_FUNCTION = YES;
				GCC_WARN_UNUSED_VARIABLE = YES;
				IPHONEOS_DEPLOYMENT_TARGET = 12.2;
				MTL_ENABLE_DEBUG_INFO = NO;
				MTL_FAST_MATH = YES;
				SDKROOT = iphoneos;
				SWIFT_COMPILATION_MODE = wholemodule;
				SWIFT_OPTIMIZATION_LEVEL = "-O";
				VALIDATE_PRODUCT = YES;
			};
			name = Release;
		};
		7635208E227A72630000BC80 /* Debug */ = {
			isa = XCBuildConfiguration;
			buildSettings = {
				ASSETCATALOG_COMPILER_APPICON_NAME = AppIcon;
				CODE_SIGN_STYLE = Automatic;
				DEVELOPMENT_TEAM = LPZFZF3JV9;
				INFOPLIST_FILE = SplitViewDemo/Info.plist;
				LD_RUNPATH_SEARCH_PATHS = (
					"$(inherited)",
					"@executable_path/Frameworks",
				);
				PRODUCT_BUNDLE_IDENTIFIER = chelseatroy.SplitViewDemo;
				PRODUCT_NAME = "$(TARGET_NAME)";
				SWIFT_VERSION = 5.0;
				TARGETED_DEVICE_FAMILY = "1,2";
			};
			name = Debug;
		};
		7635208F227A72630000BC80 /* Release */ = {
			isa = XCBuildConfiguration;
			buildSettings = {
				ASSETCATALOG_COMPILER_APPICON_NAME = AppIcon;
				CODE_SIGN_STYLE = Automatic;
				DEVELOPMENT_TEAM = LPZFZF3JV9;
				INFOPLIST_FILE = SplitViewDemo/Info.plist;
				LD_RUNPATH_SEARCH_PATHS = (
					"$(inherited)",
					"@executable_path/Frameworks",
				);
				PRODUCT_BUNDLE_IDENTIFIER = chelseatroy.SplitViewDemo;
				PRODUCT_NAME = "$(TARGET_NAME)";
				SWIFT_VERSION = 5.0;
				TARGETED_DEVICE_FAMILY = "1,2";
			};
			name = Release;
		};
		76352091227A72630000BC80 /* Debug */ = {
			isa = XCBuildConfiguration;
			buildSettings = {
				ALWAYS_EMBED_SWIFT_STANDARD_LIBRARIES = YES;
				BUNDLE_LOADER = "$(TEST_HOST)";
				CODE_SIGN_STYLE = Automatic;
				DEVELOPMENT_TEAM = LPZFZF3JV9;
				INFOPLIST_FILE = SplitViewDemoTests/Info.plist;
				LD_RUNPATH_SEARCH_PATHS = (
					"$(inherited)",
					"@executable_path/Frameworks",
					"@loader_path/Frameworks",
				);
				PRODUCT_BUNDLE_IDENTIFIER = chelseatroy.SplitViewDemoTests;
				PRODUCT_NAME = "$(TARGET_NAME)";
				SWIFT_VERSION = 5.0;
				TARGETED_DEVICE_FAMILY = "1,2";
				TEST_HOST = "$(BUILT_PRODUCTS_DIR)/SplitViewDemo.app/SplitViewDemo";
			};
			name = Debug;
		};
		76352092227A72630000BC80 /* Release */ = {
			isa = XCBuildConfiguration;
			buildSettings = {
				ALWAYS_EMBED_SWIFT_STANDARD_LIBRARIES = YES;
				BUNDLE_LOADER = "$(TEST_HOST)";
				CODE_SIGN_STYLE = Automatic;
				DEVELOPMENT_TEAM = LPZFZF3JV9;
				INFOPLIST_FILE = SplitViewDemoTests/Info.plist;
				LD_RUNPATH_SEARCH_PATHS = (
					"$(inherited)",
					"@executable_path/Frameworks",
					"@loader_path/Frameworks",
				);
				PRODUCT_BUNDLE_IDENTIFIER = chelseatroy.SplitViewDemoTests;
				PRODUCT_NAME = "$(TARGET_NAME)";
				SWIFT_VERSION = 5.0;
				TARGETED_DEVICE_FAMILY = "1,2";
				TEST_HOST = "$(BUILT_PRODUCTS_DIR)/SplitViewDemo.app/SplitViewDemo";
			};
			name = Release;
		};
/* End XCBuildConfiguration section */

/* Begin XCConfigurationList section */
		7635206B227A72620000BC80 /* Build configuration list for PBXProject "SplitViewDemo" */ = {
			isa = XCConfigurationList;
			buildConfigurations = (
				7635208B227A72630000BC80 /* Debug */,
				7635208C227A72630000BC80 /* Release */,
			);
			defaultConfigurationIsVisible = 0;
			defaultConfigurationName = Release;
		};
		7635208D227A72630000BC80 /* Build configuration list for PBXNativeTarget "SplitViewDemo" */ = {
			isa = XCConfigurationList;
			buildConfigurations = (
				7635208E227A72630000BC80 /* Debug */,
				7635208F227A72630000BC80 /* Release */,
			);
			defaultConfigurationIsVisible = 0;
			defaultConfigurationName = Release;
		};
		76352090227A72630000BC80 /* Build configuration list for PBXNativeTarget "SplitViewDemoTests" */ = {
			isa = XCConfigurationList;
			buildConfigurations = (
				76352091227A72630000BC80 /* Debug */,
				76352092227A72630000BC80 /* Release */,
			);
			defaultConfigurationIsVisible = 0;
			defaultConfigurationName = Release;
		};
/* End XCConfigurationList section */
	};
	rootObject = 76352068227A72620000BC80 /* Project object */;
}
